// !$*UTF8*$!
{
	archiveVersion = 1;
	classes = {
	};
	objectVersion = 51;
	objects = {

/* Begin PBXBuildFile section */
		92733F9525D3EEE000FC6024 /* AuthService.swift in Sources */ = {isa = PBXBuildFile; fileRef = 92733F9425D3EEE000FC6024 /* AuthService.swift */; };
		9288AC7825D3F3B200DAD9F3 /* AuthViewController.swift in Sources */ = {isa = PBXBuildFile; fileRef = 9288AC7725D3F3B200DAD9F3 /* AuthViewController.swift */; };
		9288AC7B25D3F43F00DAD9F3 /* AuthViewController.storyboard in Resources */ = {isa = PBXBuildFile; fileRef = 9288AC7A25D3F43F00DAD9F3 /* AuthViewController.storyboard */; };
		9288AC8025D4181D00DAD9F3 /* FeedViewController.swift in Sources */ = {isa = PBXBuildFile; fileRef = 9288AC7F25D4181D00DAD9F3 /* FeedViewController.swift */; };
		9288AC8325D4182B00DAD9F3 /* FeedViewController.storyboard in Resources */ = {isa = PBXBuildFile; fileRef = 9288AC8225D4182B00DAD9F3 /* FeedViewController.storyboard */; };
		9288AC8825D420C100DAD9F3 /* UIViewController + Storyboard.swift in Sources */ = {isa = PBXBuildFile; fileRef = 9288AC8725D420C100DAD9F3 /* UIViewController + Storyboard.swift */; };
		9297D9A525D1382E00CADEAB /* AppDelegate.swift in Sources */ = {isa = PBXBuildFile; fileRef = 9297D9A425D1382E00CADEAB /* AppDelegate.swift */; };
		9297D9AE25D1383000CADEAB /* Assets.xcassets in Resources */ = {isa = PBXBuildFile; fileRef = 9297D9AD25D1383000CADEAB /* Assets.xcassets */; };
		9297D9B125D1383000CADEAB /* LaunchScreen.storyboard in Resources */ = {isa = PBXBuildFile; fileRef = 9297D9AF25D1383000CADEAB /* LaunchScreen.storyboard */; };
		A5FBB71DC2145548CD093D5A /* Pods_VKNewsFeed.framework in Frameworks */ = {isa = PBXBuildFile; fileRef = BCE68E44FBD40241C4666E3F /* Pods_VKNewsFeed.framework */; };
/* End PBXBuildFile section */

/* Begin PBXFileReference section */
		6955183C93BEEC58B5D7FEDE /* Pods-VKNewsFeed.release.xcconfig */ = {isa = PBXFileReference; includeInIndex = 1; lastKnownFileType = text.xcconfig; name = "Pods-VKNewsFeed.release.xcconfig"; path = "Target Support Files/Pods-VKNewsFeed/Pods-VKNewsFeed.release.xcconfig"; sourceTree = "<group>"; };
		925A603625D3DFAD00B045EE /* Header.h */ = {isa = PBXFileReference; lastKnownFileType = sourcecode.c.h; path = Header.h; sourceTree = "<group>"; };
		92733F9425D3EEE000FC6024 /* AuthService.swift */ = {isa = PBXFileReference; lastKnownFileType = sourcecode.swift; path = AuthService.swift; sourceTree = "<group>"; };
		9288AC7725D3F3B200DAD9F3 /* AuthViewController.swift */ = {isa = PBXFileReference; lastKnownFileType = sourcecode.swift; path = AuthViewController.swift; sourceTree = "<group>"; };
		9288AC7A25D3F43F00DAD9F3 /* AuthViewController.storyboard */ = {isa = PBXFileReference; lastKnownFileType = file.storyboard; path = AuthViewController.storyboard; sourceTree = "<group>"; };
		9288AC7F25D4181D00DAD9F3 /* FeedViewController.swift */ = {isa = PBXFileReference; lastKnownFileType = sourcecode.swift; path = FeedViewController.swift; sourceTree = "<group>"; };
		9288AC8225D4182B00DAD9F3 /* FeedViewController.storyboard */ = {isa = PBXFileReference; lastKnownFileType = file.storyboard; path = FeedViewController.storyboard; sourceTree = "<group>"; };
		9288AC8725D420C100DAD9F3 /* UIViewController + Storyboard.swift */ = {isa = PBXFileReference; lastKnownFileType = sourcecode.swift; path = "UIViewController + Storyboard.swift"; sourceTree = "<group>"; };
		9297D9A125D1382E00CADEAB /* VKNewsFeed.app */ = {isa = PBXFileReference; explicitFileType = wrapper.application; includeInIndex = 0; path = VKNewsFeed.app; sourceTree = BUILT_PRODUCTS_DIR; };
		9297D9A425D1382E00CADEAB /* AppDelegate.swift */ = {isa = PBXFileReference; lastKnownFileType = sourcecode.swift; path = AppDelegate.swift; sourceTree = "<group>"; };
		9297D9AD25D1383000CADEAB /* Assets.xcassets */ = {isa = PBXFileReference; lastKnownFileType = folder.assetcatalog; path = Assets.xcassets; sourceTree = "<group>"; };
		9297D9B025D1383000CADEAB /* Base */ = {isa = PBXFileReference; lastKnownFileType = file.storyboard; name = Base; path = Base.lproj/LaunchScreen.storyboard; sourceTree = "<group>"; };
		9297D9B225D1383000CADEAB /* Info.plist */ = {isa = PBXFileReference; lastKnownFileType = text.plist.xml; path = Info.plist; sourceTree = "<group>"; };
		BCE68E44FBD40241C4666E3F /* Pods_VKNewsFeed.framework */ = {isa = PBXFileReference; explicitFileType = wrapper.framework; includeInIndex = 0; path = Pods_VKNewsFeed.framework; sourceTree = BUILT_PRODUCTS_DIR; };
		E9DE12054ECB606648411362 /* Pods-VKNewsFeed.debug.xcconfig */ = {isa = PBXFileReference; includeInIndex = 1; lastKnownFileType = text.xcconfig; name = "Pods-VKNewsFeed.debug.xcconfig"; path = "Target Support Files/Pods-VKNewsFeed/Pods-VKNewsFeed.debug.xcconfig"; sourceTree = "<group>"; };
/* End PBXFileReference section */

/* Begin PBXFrameworksBuildPhase section */
		9297D99E25D1382E00CADEAB /* Frameworks */ = {
			isa = PBXFrameworksBuildPhase;
			buildActionMask = 2147483647;
			files = (
				A5FBB71DC2145548CD093D5A /* Pods_VKNewsFeed.framework in Frameworks */,
			);
			runOnlyForDeploymentPostprocessing = 0;
		};
/* End PBXFrameworksBuildPhase section */

/* Begin PBXGroup section */
		78B22AF3391D0809EBCA79AD /* Pods */ = {
			isa = PBXGroup;
			children = (
				E9DE12054ECB606648411362 /* Pods-VKNewsFeed.debug.xcconfig */,
				6955183C93BEEC58B5D7FEDE /* Pods-VKNewsFeed.release.xcconfig */,
			);
			path = Pods;
			sourceTree = "<group>";
		};
		926293FC25D517DF001559F2 /* FeedViewController */ = {
			isa = PBXGroup;
			children = (
				9288AC7F25D4181D00DAD9F3 /* FeedViewController.swift */,
				9288AC8225D4182B00DAD9F3 /* FeedViewController.storyboard */,
			);
			path = FeedViewController;
			sourceTree = "<group>";
		};
		92733F9725D3EEE800FC6024 /* Services */ = {
			isa = PBXGroup;
			children = (
				92733F9425D3EEE000FC6024 /* AuthService.swift */,
			);
			path = Services;
			sourceTree = "<group>";
		};
		92733F9A25D3F15C00FC6024 /* Delegates */ = {
			isa = PBXGroup;
			children = (
				9297D9A425D1382E00CADEAB /* AppDelegate.swift */,
			);
			path = Delegates;
			sourceTree = "<group>";
		};
		92733F9C25D3F16A00FC6024 /* Other */ = {
			isa = PBXGroup;
			children = (
				9297D9AD25D1383000CADEAB /* Assets.xcassets */,
				9297D9AF25D1383000CADEAB /* LaunchScreen.storyboard */,
				9297D9B225D1383000CADEAB /* Info.plist */,
			);
			path = Other;
			sourceTree = "<group>";
		};
		9288AC7D25D3F45400DAD9F3 /* Auth */ = {
			isa = PBXGroup;
			children = (
				9288AC7725D3F3B200DAD9F3 /* AuthViewController.swift */,
				9288AC7A25D3F43F00DAD9F3 /* AuthViewController.storyboard */,
			);
			path = Auth;
			sourceTree = "<group>";
		};
		9297D99825D1382E00CADEAB = {
			isa = PBXGroup;
			children = (
				9297D9A325D1382E00CADEAB /* VKNewsFeed */,
				925A603625D3DFAD00B045EE /* Header.h */,
				9297D9A225D1382E00CADEAB /* Products */,
				78B22AF3391D0809EBCA79AD /* Pods */,
				E6A0DA4CCA1C0C8F000DC313 /* Frameworks */,
			);
			sourceTree = "<group>";
		};
		9297D9A225D1382E00CADEAB /* Products */ = {
			isa = PBXGroup;
			children = (
				9297D9A125D1382E00CADEAB /* VKNewsFeed.app */,
			);
			name = Products;
			sourceTree = "<group>";
		};
		9297D9A325D1382E00CADEAB /* VKNewsFeed */ = {
			isa = PBXGroup;
			children = (
				92733F9A25D3F15C00FC6024 /* Delegates */,
				92733F9725D3EEE800FC6024 /* Services */,
				9288AC7D25D3F45400DAD9F3 /* Auth */,
				926293FC25D517DF001559F2 /* FeedViewController */,
				92733F9C25D3F16A00FC6024 /* Other */,
				9288AC8725D420C100DAD9F3 /* UIViewController + Storyboard.swift */,
			);
			path = VKNewsFeed;
			sourceTree = "<group>";
		};
		E6A0DA4CCA1C0C8F000DC313 /* Frameworks */ = {
			isa = PBXGroup;
			children = (
				BCE68E44FBD40241C4666E3F /* Pods_VKNewsFeed.framework */,
			);
			name = Frameworks;
			sourceTree = "<group>";
		};
/* End PBXGroup section */

/* Begin PBXNativeTarget section */
		9297D9A025D1382E00CADEAB /* VKNewsFeed */ = {
			isa = PBXNativeTarget;
			buildConfigurationList = 9297D9B525D1383000CADEAB /* Build configuration list for PBXNativeTarget "VKNewsFeed" */;
			buildPhases = (
				99283DE6F8C944DB50880FCF /* [CP] Check Pods Manifest.lock */,
				9297D99D25D1382E00CADEAB /* Sources */,
				9297D99E25D1382E00CADEAB /* Frameworks */,
				9297D99F25D1382E00CADEAB /* Resources */,
				6F7A29E25C8238DFC4F734F2 /* [CP] Embed Pods Frameworks */,
			);
			buildRules = (
			);
			dependencies = (
			);
			name = VKNewsFeed;
			productName = VKNewsFeed;
			productReference = 9297D9A125D1382E00CADEAB /* VKNewsFeed.app */;
			productType = "com.apple.product-type.application";
		};
/* End PBXNativeTarget section */

/* Begin PBXProject section */
		9297D99925D1382E00CADEAB /* Project object */ = {
			isa = PBXProject;
			attributes = {
				LastSwiftUpdateCheck = 1240;
				LastUpgradeCheck = 1240;
				TargetAttributes = {
					9297D9A025D1382E00CADEAB = {
						CreatedOnToolsVersion = 12.4;
					};
				};
			};
			buildConfigurationList = 9297D99C25D1382E00CADEAB /* Build configuration list for PBXProject "VKNewsFeed" */;
			compatibilityVersion = "Xcode 9.3";
			developmentRegion = en;
			hasScannedForEncodings = 0;
			knownRegions = (
				en,
				Base,
			);
			mainGroup = 9297D99825D1382E00CADEAB;
			productRefGroup = 9297D9A225D1382E00CADEAB /* Products */;
			projectDirPath = "";
			projectRoot = "";
			targets = (
				9297D9A025D1382E00CADEAB /* VKNewsFeed */,
			);
		};
/* End PBXProject section */

/* Begin PBXResourcesBuildPhase section */
		9297D99F25D1382E00CADEAB /* Resources */ = {
			isa = PBXResourcesBuildPhase;
			buildActionMask = 2147483647;
			files = (
				9297D9B125D1383000CADEAB /* LaunchScreen.storyboard in Resources */,
				9288AC7B25D3F43F00DAD9F3 /* AuthViewController.storyboard in Resources */,
				9297D9AE25D1383000CADEAB /* Assets.xcassets in Resources */,
				9288AC8325D4182B00DAD9F3 /* FeedViewController.storyboard in Resources */,
			);
			runOnlyForDeploymentPostprocessing = 0;
		};
/* End PBXResourcesBuildPhase section */

/* Begin PBXShellScriptBuildPhase section */
		6F7A29E25C8238DFC4F734F2 /* [CP] Embed Pods Frameworks */ = {
			isa = PBXShellScriptBuildPhase;
			buildActionMask = 2147483647;
			files = (
			);
			inputFileListPaths = (
				"${PODS_ROOT}/Target Support Files/Pods-VKNewsFeed/Pods-VKNewsFeed-frameworks-${CONFIGURATION}-input-files.xcfilelist",
			);
			name = "[CP] Embed Pods Frameworks";
			outputFileListPaths = (
				"${PODS_ROOT}/Target Support Files/Pods-VKNewsFeed/Pods-VKNewsFeed-frameworks-${CONFIGURATION}-output-files.xcfilelist",
			);
			runOnlyForDeploymentPostprocessing = 0;
			shellPath = /bin/sh;
			shellScript = "\"${PODS_ROOT}/Target Support Files/Pods-VKNewsFeed/Pods-VKNewsFeed-frameworks.sh\"\n";
			showEnvVarsInLog = 0;
		};
		99283DE6F8C944DB50880FCF /* [CP] Check Pods Manifest.lock */ = {
			isa = PBXShellScriptBuildPhase;
			buildActionMask = 2147483647;
			files = (
			);
			inputFileListPaths = (
			);
			inputPaths = (
				"${PODS_PODFILE_DIR_PATH}/Podfile.lock",
				"${PODS_ROOT}/Manifest.lock",
			);
			name = "[CP] Check Pods Manifest.lock";
			outputFileListPaths = (
			);
			outputPaths = (
				"$(DERIVED_FILE_DIR)/Pods-VKNewsFeed-checkManifestLockResult.txt",
			);
			runOnlyForDeploymentPostprocessing = 0;
			shellPath = /bin/sh;
			shellScript = "diff \"${PODS_PODFILE_DIR_PATH}/Podfile.lock\" \"${PODS_ROOT}/Manifest.lock\" > /dev/null\nif [ $? != 0 ] ; then\n    # print error to STDERR\n    echo \"error: The sandbox is not in sync with the Podfile.lock. Run 'pod install' or update your CocoaPods installation.\" >&2\n    exit 1\nfi\n# This output is used by Xcode 'outputs' to avoid re-running this script phase.\necho \"SUCCESS\" > \"${SCRIPT_OUTPUT_FILE_0}\"\n";
			showEnvVarsInLog = 0;
		};
/* End PBXShellScriptBuildPhase section */

/* Begin PBXSourcesBuildPhase section */
		9297D99D25D1382E00CADEAB /* Sources */ = {
			isa = PBXSourcesBuildPhase;
			buildActionMask = 2147483647;
			files = (
				9288AC7825D3F3B200DAD9F3 /* AuthViewController.swift in Sources */,
				9297D9A525D1382E00CADEAB /* AppDelegate.swift in Sources */,
				9288AC8025D4181D00DAD9F3 /* FeedViewController.swift in Sources */,
				9288AC8825D420C100DAD9F3 /* UIViewController + Storyboard.swift in Sources */,
				92733F9525D3EEE000FC6024 /* AuthService.swift in Sources */,
			);
			runOnlyForDeploymentPostprocessing = 0;
		};
/* End PBXSourcesBuildPhase section */

/* Begin PBXVariantGroup section */
		9297D9AF25D1383000CADEAB /* LaunchScreen.storyboard */ = {
			isa = PBXVariantGroup;
			children = (
				9297D9B025D1383000CADEAB /* Base */,
			);
			name = LaunchScreen.storyboard;
			sourceTree = "<group>";
		};
/* End PBXVariantGroup section */

/* Begin XCBuildConfiguration section */
		9297D9B325D1383000CADEAB /* Debug */ = {
			isa = XCBuildConfiguration;
			buildSettings = {
				ALWAYS_SEARCH_USER_PATHS = NO;
				CLANG_ANALYZER_NONNULL = YES;
				CLANG_ANALYZER_NUMBER_OBJECT_CONVERSION = YES_AGGRESSIVE;
				CLANG_CXX_LANGUAGE_STANDARD = "gnu++14";
				CLANG_CXX_LIBRARY = "libc++";
				CLANG_ENABLE_MODULES = YES;
				CLANG_ENABLE_OBJC_ARC = YES;
				CLANG_ENABLE_OBJC_WEAK = YES;
				CLANG_WARN_BLOCK_CAPTURE_AUTORELEASING = YES;
				CLANG_WARN_BOOL_CONVERSION = YES;
				CLANG_WARN_COMMA = YES;
				CLANG_WARN_CONSTANT_CONVERSION = YES;
				CLANG_WARN_DEPRECATED_OBJC_IMPLEMENTATIONS = YES;
				CLANG_WARN_DIRECT_OBJC_ISA_USAGE = YES_ERROR;
				CLANG_WARN_DOCUMENTATION_COMMENTS = YES;
				CLANG_WARN_EMPTY_BODY = YES;
				CLANG_WARN_ENUM_CONVERSION = YES;
				CLANG_WARN_INFINITE_RECURSION = YES;
				CLANG_WARN_INT_CONVERSION = YES;
				CLANG_WARN_NON_LITERAL_NULL_CONVERSION = YES;
				CLANG_WARN_OBJC_IMPLICIT_RETAIN_SELF = YES;
				CLANG_WARN_OBJC_LITERAL_CONVERSION = YES;
				CLANG_WARN_OBJC_ROOT_CLASS = YES_ERROR;
				CLANG_WARN_QUOTED_INCLUDE_IN_FRAMEWORK_HEADER = YES;
				CLANG_WARN_RANGE_LOOP_ANALYSIS = YES;
				CLANG_WARN_STRICT_PROTOTYPES = YES;
				CLANG_WARN_SUSPICIOUS_MOVE = YES;
				CLANG_WARN_UNGUARDED_AVAILABILITY = YES_AGGRESSIVE;
				CLANG_WARN_UNREACHABLE_CODE = YES;
				CLANG_WARN__DUPLICATE_METHOD_MATCH = YES;
				COPY_PHASE_STRIP = NO;
				DEBUG_INFORMATION_FORMAT = dwarf;
				ENABLE_STRICT_OBJC_MSGSEND = YES;
				ENABLE_TESTABILITY = YES;
				GCC_C_LANGUAGE_STANDARD = gnu11;
				GCC_DYNAMIC_NO_PIC = NO;
				GCC_NO_COMMON_BLOCKS = YES;
				GCC_OPTIMIZATION_LEVEL = 0;
				GCC_PREPROCESSOR_DEFINITIONS = (
					"DEBUG=1",
					"$(inherited)",
				);
				GCC_WARN_64_TO_32_BIT_CONVERSION = YES;
				GCC_WARN_ABOUT_RETURN_TYPE = YES_ERROR;
				GCC_WARN_UNDECLARED_SELECTOR = YES;
				GCC_WARN_UNINITIALIZED_AUTOS = YES_AGGRESSIVE;
				GCC_WARN_UNUSED_FUNCTION = YES;
				GCC_WARN_UNUSED_VARIABLE = YES;
				IPHONEOS_DEPLOYMENT_TARGET = 14.4;
				MTL_ENABLE_DEBUG_INFO = INCLUDE_SOURCE;
				MTL_FAST_MATH = YES;
				ONLY_ACTIVE_ARCH = YES;
				SDKROOT = iphoneos;
				SWIFT_ACTIVE_COMPILATION_CONDITIONS = DEBUG;
				SWIFT_OPTIMIZATION_LEVEL = "-Onone";
			};
			name = Debug;
		};
		9297D9B425D1383000CADEAB /* Release */ = {
			isa = XCBuildConfiguration;
			buildSettings = {
				ALWAYS_SEARCH_USER_PATHS = NO;
				CLANG_ANALYZER_NONNULL = YES;
				CLANG_ANALYZER_NUMBER_OBJECT_CONVERSION = YES_AGGRESSIVE;
				CLANG_CXX_LANGUAGE_STANDARD = "gnu++14";
				CLANG_CXX_LIBRARY = "libc++";
				CLANG_ENABLE_MODULES = YES;
				CLANG_ENABLE_OBJC_ARC = YES;
				CLANG_ENABLE_OBJC_WEAK = YES;
				CLANG_WARN_BLOCK_CAPTURE_AUTORELEASING = YES;
				CLANG_WARN_BOOL_CONVERSION = YES;
				CLANG_WARN_COMMA = YES;
				CLANG_WARN_CONSTANT_CONVERSION = YES;
				CLANG_WARN_DEPRECATED_OBJC_IMPLEMENTATIONS = YES;
				CLANG_WARN_DIRECT_OBJC_ISA_USAGE = YES_ERROR;
				CLANG_WARN_DOCUMENTATION_COMMENTS = YES;
				CLANG_WARN_EMPTY_BODY = YES;
				CLANG_WARN_ENUM_CONVERSION = YES;
				CLANG_WARN_INFINITE_RECURSION = YES;
				CLANG_WARN_INT_CONVERSION = YES;
				CLANG_WARN_NON_LITERAL_NULL_CONVERSION = YES;
				CLANG_WARN_OBJC_IMPLICIT_RETAIN_SELF = YES;
				CLANG_WARN_OBJC_LITERAL_CONVERSION = YES;
				CLANG_WARN_OBJC_ROOT_CLASS = YES_ERROR;
				CLANG_WARN_QUOTED_INCLUDE_IN_FRAMEWORK_HEADER = YES;
				CLANG_WARN_RANGE_LOOP_ANALYSIS = YES;
				CLANG_WARN_STRICT_PROTOTYPES = YES;
				CLANG_WARN_SUSPICIOUS_MOVE = YES;
				CLANG_WARN_UNGUARDED_AVAILABILITY = YES_AGGRESSIVE;
				CLANG_WARN_UNREACHABLE_CODE = YES;
				CLANG_WARN__DUPLICATE_METHOD_MATCH = YES;
				COPY_PHASE_STRIP = NO;
				DEBUG_INFORMATION_FORMAT = "dwarf-with-dsym";
				ENABLE_NS_ASSERTIONS = NO;
				ENABLE_STRICT_OBJC_MSGSEND = YES;
				GCC_C_LANGUAGE_STANDARD = gnu11;
				GCC_NO_COMMON_BLOCKS = YES;
				GCC_WARN_64_TO_32_BIT_CONVERSION = YES;
				GCC_WARN_ABOUT_RETURN_TYPE = YES_ERROR;
				GCC_WARN_UNDECLARED_SELECTOR = YES;
				GCC_WARN_UNINITIALIZED_AUTOS = YES_AGGRESSIVE;
				GCC_WARN_UNUSED_FUNCTION = YES;
				GCC_WARN_UNUSED_VARIABLE = YES;
				IPHONEOS_DEPLOYMENT_TARGET = 14.4;
				MTL_ENABLE_DEBUG_INFO = NO;
				MTL_FAST_MATH = YES;
				SDKROOT = iphoneos;
				SWIFT_COMPILATION_MODE = wholemodule;
				SWIFT_OPTIMIZATION_LEVEL = "-O";
				VALIDATE_PRODUCT = YES;
			};
			name = Release;
		};
		9297D9B625D1383000CADEAB /* Debug */ = {
			isa = XCBuildConfiguration;
			baseConfigurationReference = E9DE12054ECB606648411362 /* Pods-VKNewsFeed.debug.xcconfig */;
			buildSettings = {
				ASSETCATALOG_COMPILER_APPICON_NAME = AppIcon;
				ASSETCATALOG_COMPILER_GLOBAL_ACCENT_COLOR_NAME = AccentColor;
				CODE_SIGN_STYLE = Automatic;
				DEVELOPMENT_TEAM = 9P44DJCU6P;
				INFOPLIST_FILE = VKNewsFeed/Other/Info.plist;
				LD_RUNPATH_SEARCH_PATHS = (
					"$(inherited)",
					"@executable_path/Frameworks",
				);
				PRODUCT_BUNDLE_IDENTIFIER = com.denissuspicin.VKNewsFeed;
				PRODUCT_NAME = "$(TARGET_NAME)";
				SWIFT_OBJC_BRIDGING_HEADER = Header.h;
				SWIFT_VERSION = 5.0;
				TARGETED_DEVICE_FAMILY = "1,2";
			};
			name = Debug;
		};
		9297D9B725D1383000CADEAB /* Release */ = {
			isa = XCBuildConfiguration;
			baseConfigurationReference = 6955183C93BEEC58B5D7FEDE /* Pods-VKNewsFeed.release.xcconfig */;
			buildSettings = {
				ASSETCATALOG_COMPILER_APPICON_NAME = AppIcon;
				ASSETCATALOG_COMPILER_GLOBAL_ACCENT_COLOR_NAME = AccentColor;
				CODE_SIGN_STYLE = Automatic;
				DEVELOPMENT_TEAM = 9P44DJCU6P;
				INFOPLIST_FILE = VKNewsFeed/Other/Info.plist;
				LD_RUNPATH_SEARCH_PATHS = (
					"$(inherited)",
					"@executable_path/Frameworks",
				);
				PRODUCT_BUNDLE_IDENTIFIER = com.denissuspicin.VKNewsFeed;
				PRODUCT_NAME = "$(TARGET_NAME)";
				SWIFT_OBJC_BRIDGING_HEADER = Header.h;
				SWIFT_VERSION = 5.0;
				TARGETED_DEVICE_FAMILY = "1,2";
			};
			name = Release;
		};
/* End XCBuildConfiguration section */

/* Begin XCConfigurationList section */
		9297D99C25D1382E00CADEAB /* Build configuration list for PBXProject "VKNewsFeed" */ = {
			isa = XCConfigurationList;
			buildConfigurations = (
				9297D9B325D1383000CADEAB /* Debug */,
				9297D9B425D1383000CADEAB /* Release */,
			);
			defaultConfigurationIsVisible = 0;
			defaultConfigurationName = Release;
		};
		9297D9B525D1383000CADEAB /* Build configuration list for PBXNativeTarget "VKNewsFeed" */ = {
			isa = XCConfigurationList;
			buildConfigurations = (
				9297D9B625D1383000CADEAB /* Debug */,
				9297D9B725D1383000CADEAB /* Release */,
			);
			defaultConfigurationIsVisible = 0;
			defaultConfigurationName = Release;
		};
/* End XCConfigurationList section */
	};
	rootObject = 9297D99925D1382E00CADEAB /* Project object */;
}
